
Microsoft Visual Studio Solution File, Format Version 12.00
# Visual Studio Version 17
VisualStudioVersion = 17.10.34916.146
MinimumVisualStudioVersion = 10.0.40219.1
Project("{FAE04EC0-301F-11D3-BF4B-00C04F79EFBC}") = "Homework-21.06.2024-Events", "Homework-21.06.2024-Events\Homework-21.06.2024-Events.csproj", "{E3E4D773-8B0D-454A-801F-9D7F3E383223}"
EndProject
Global
	GlobalSection(SolutionConfigurationPlatforms) = preSolution
		Debug|Any CPU = Debug|Any CPU
		Release|Any CPU = Release|Any CPU
	EndGlobalSection
	GlobalSection(ProjectConfigurationPlatforms) = postSolution
		{E3E4D773-8B0D-454A-801F-9D7F3E383223}.Debug|Any CPU.ActiveCfg = Debug|Any CPU
		{E3E4D773-8B0D-454A-801F-9D7F3E383223}.Debug|Any CPU.Build.0 = Debug|Any CPU
		{E3E4D773-8B0D-454A-801F-9D7F3E383223}.Release|Any CPU.ActiveCfg = Release|Any CPU
		{E3E4D773-8B0D-454A-801F-9D7F3E383223}.Release|Any CPU.Build.0 = Release|Any CPU
	EndGlobalSection
	GlobalSection(SolutionProperties) = preSolution
		HideSolutionNode = FALSE
	EndGlobalSection
	GlobalSection(ExtensibilityGlobals) = postSolution
		SolutionGuid = {07DF0C79-228F-42F7-BA9F-3055AAFC0A2D}
	EndGlobalSection
EndGlobal
